
Microsoft Visual Studio Solution File, Format Version 12.00
# Visual Studio Version 16
VisualStudioVersion = 16.0.29613.14
MinimumVisualStudioVersion = 10.0.40219.1
Project("{FAE04EC0-301F-11D3-BF4B-00C04F79EFBC}") = "BethanysPieShop", "BethanysPieShop\BethanysPieShop.csproj", "{C2BECEB9-953A-48B3-92E6-F1191FE74537}"
EndProject
Global
	GlobalSection(SolutionConfigurationPlatforms) = preSolution
		Debug|Any CPU = Debug|Any CPU
		Release|Any CPU = Release|Any CPU
	EndGlobalSection
	GlobalSection(ProjectConfigurationPlatforms) = postSolution
		{C2BECEB9-953A-48B3-92E6-F1191FE74537}.Debug|Any CPU.ActiveCfg = Debug|Any CPU
		{C2BECEB9-953A-48B3-92E6-F1191FE74537}.Debug|Any CPU.Build.0 = Debug|Any CPU
		{C2BECEB9-953A-48B3-92E6-F1191FE74537}.Release|Any CPU.ActiveCfg = Release|Any CPU
		{C2BECEB9-953A-48B3-92E6-F1191FE74537}.Release|Any CPU.Build.0 = Release|Any CPU
	EndGlobalSection
	GlobalSection(SolutionProperties) = preSolution
		HideSolutionNode = FALSE
	EndGlobalSection
	GlobalSection(ExtensibilityGlobals) = postSolution
		SolutionGuid = {F804202C-22E1-45CC-87DB-423109B46620}
	EndGlobalSection
EndGlobal
